
Microsoft Visual Studio Solution File, Format Version 12.00
# Visual Studio 15
VisualStudioVersion = 15.0.27004.2005
MinimumVisualStudioVersion = 10.0.40219.1
Project("{9A19103F-16F7-4668-BE54-9A1E7A4F7556}") = "ConsoleApp", "ConsoleApp\ConsoleApp.csproj", "{93E038CC-3ED8-4691-BCDC-6796FB0BD973}"
EndProject
Project("{FAE04EC0-301F-11D3-BF4B-00C04F79EFBC}") = "XUnitTest", "XUnitTest\XUnitTest.csproj", "{A4EA441D-AEB8-4D65-9528-711D6CE63B5D}"
EndProject
Global
	GlobalSection(SolutionConfigurationPlatforms) = preSolution
		Debug|Any CPU = Debug|Any CPU
		Release|Any CPU = Release|Any CPU
	EndGlobalSection
	GlobalSection(ProjectConfigurationPlatforms) = postSolution
		{93E038CC-3ED8-4691-BCDC-6796FB0BD973}.Debug|Any CPU.ActiveCfg = Debug|Any CPU
		{93E038CC-3ED8-4691-BCDC-6796FB0BD973}.Debug|Any CPU.Build.0 = Debug|Any CPU
		{93E038CC-3ED8-4691-BCDC-6796FB0BD973}.Release|Any CPU.ActiveCfg = Release|Any CPU
		{93E038CC-3ED8-4691-BCDC-6796FB0BD973}.Release|Any CPU.Build.0 = Release|Any CPU
		{A4EA441D-AEB8-4D65-9528-711D6CE63B5D}.Debug|Any CPU.ActiveCfg = Debug|Any CPU
		{A4EA441D-AEB8-4D65-9528-711D6CE63B5D}.Debug|Any CPU.Build.0 = Debug|Any CPU
		{A4EA441D-AEB8-4D65-9528-711D6CE63B5D}.Release|Any CPU.ActiveCfg = Release|Any CPU
		{A4EA441D-AEB8-4D65-9528-711D6CE63B5D}.Release|Any CPU.Build.0 = Release|Any CPU
	EndGlobalSection
	GlobalSection(SolutionProperties) = preSolution
		HideSolutionNode = FALSE
	EndGlobalSection
	GlobalSection(ExtensibilityGlobals) = postSolution
		SolutionGuid = {1A226627-BAE4-407A-A071-17DD22C1778F}
	EndGlobalSection
EndGlobal
